
Microsoft Visual Studio Solution File, Format Version 12.00
# Visual Studio Version 16
VisualStudioVersion = 16.0.30907.101
MinimumVisualStudioVersion = 10.0.40219.1
Project("{2150E333-8FDC-42A3-9474-1A3956D46DE8}") = "0-API", "0-API", "{D5B36F9D-8110-42DE-8ABA-D8D360B0C0B3}"
EndProject
Project("{2150E333-8FDC-42A3-9474-1A3956D46DE8}") = "1-Application", "1-Application", "{1FE705F8-F5B2-41A8-BA65-B13B8C9E79CC}"
EndProject
Project("{2150E333-8FDC-42A3-9474-1A3956D46DE8}") = "2-Domain", "2-Domain", "{0EEA2DAD-F3DA-4603-9CF5-048080B933EF}"
EndProject
Project("{2150E333-8FDC-42A3-9474-1A3956D46DE8}") = "3-Infrastructure", "3-Infrastructure", "{E8368D9B-4D9D-40F2-B2A3-7755FB6B0520}"
EndProject
Project("{2150E333-8FDC-42A3-9474-1A3956D46DE8}") = "4-Tests", "4-Tests", "{74D38E05-1469-436F-903A-CB532634FEF8}"
EndProject
Project("{FAE04EC0-301F-11D3-BF4B-00C04F79EFBC}") = "IdMusic.Domain", "src\Modules\IdMusic.Domain\IdMusic.Domain.csproj", "{7CCE5E3D-CD2C-4D07-B334-F9ED722A090E}"
EndProject
Project("{2150E333-8FDC-42A3-9474-1A3956D46DE8}") = "3.1-Repositories", "3.1-Repositories", "{94BE1E34-058A-4E27-85AB-E1961DBAA567}"
EndProject
Project("{2150E333-8FDC-42A3-9474-1A3956D46DE8}") = "3.2-IoC", "3.2-IoC", "{0663A7E7-84BA-48D3-85DD-753498B02FBF}"
EndProject
Project("{FAE04EC0-301F-11D3-BF4B-00C04F79EFBC}") = "IdMusic.Repositories", "src\Modules\IdMusic.Repositories\IdMusic.Repositories.csproj", "{FDC2BC4B-AB7C-4843-9F3B-1C12C5D9EEB2}"
EndProject
Project("{FAE04EC0-301F-11D3-BF4B-00C04F79EFBC}") = "IdMusic.Application", "src\Modules\IdMusic.Application\IdMusic.Application.csproj", "{C71B064B-F8AB-4719-BD74-35032DB20358}"
EndProject
Project("{FAE04EC0-301F-11D3-BF4B-00C04F79EFBC}") = "IdMusic.Api", "src\Services\IdMusic.Api\IdMusic.Api.csproj", "{73890685-DB7B-4A3F-AB07-23277738FDB8}"
EndProject
Project("{FAE04EC0-301F-11D3-BF4B-00C04F79EFBC}") = "IdMusic.Repositories.IoC", "src\Modules\IdMusic.Repositories.IoC\IdMusic.Repositories.IoC.csproj", "{A3724004-B1D2-45B4-A65D-D605DAC89150}"
EndProject
Global
	GlobalSection(SolutionConfigurationPlatforms) = preSolution
		Debug|Any CPU = Debug|Any CPU
		Release|Any CPU = Release|Any CPU
	EndGlobalSection
	GlobalSection(ProjectConfigurationPlatforms) = postSolution
		{7CCE5E3D-CD2C-4D07-B334-F9ED722A090E}.Debug|Any CPU.ActiveCfg = Debug|Any CPU
		{7CCE5E3D-CD2C-4D07-B334-F9ED722A090E}.Debug|Any CPU.Build.0 = Debug|Any CPU
		{7CCE5E3D-CD2C-4D07-B334-F9ED722A090E}.Release|Any CPU.ActiveCfg = Release|Any CPU
		{7CCE5E3D-CD2C-4D07-B334-F9ED722A090E}.Release|Any CPU.Build.0 = Release|Any CPU
		{FDC2BC4B-AB7C-4843-9F3B-1C12C5D9EEB2}.Debug|Any CPU.ActiveCfg = Debug|Any CPU
		{FDC2BC4B-AB7C-4843-9F3B-1C12C5D9EEB2}.Debug|Any CPU.Build.0 = Debug|Any CPU
		{FDC2BC4B-AB7C-4843-9F3B-1C12C5D9EEB2}.Release|Any CPU.ActiveCfg = Release|Any CPU
		{FDC2BC4B-AB7C-4843-9F3B-1C12C5D9EEB2}.Release|Any CPU.Build.0 = Release|Any CPU
		{C71B064B-F8AB-4719-BD74-35032DB20358}.Debug|Any CPU.ActiveCfg = Debug|Any CPU
		{C71B064B-F8AB-4719-BD74-35032DB20358}.Debug|Any CPU.Build.0 = Debug|Any CPU
		{C71B064B-F8AB-4719-BD74-35032DB20358}.Release|Any CPU.ActiveCfg = Release|Any CPU
		{C71B064B-F8AB-4719-BD74-35032DB20358}.Release|Any CPU.Build.0 = Release|Any CPU
		{73890685-DB7B-4A3F-AB07-23277738FDB8}.Debug|Any CPU.ActiveCfg = Debug|Any CPU
		{73890685-DB7B-4A3F-AB07-23277738FDB8}.Debug|Any CPU.Build.0 = Debug|Any CPU
		{73890685-DB7B-4A3F-AB07-23277738FDB8}.Release|Any CPU.ActiveCfg = Release|Any CPU
		{73890685-DB7B-4A3F-AB07-23277738FDB8}.Release|Any CPU.Build.0 = Release|Any CPU
		{A3724004-B1D2-45B4-A65D-D605DAC89150}.Debug|Any CPU.ActiveCfg = Debug|Any CPU
		{A3724004-B1D2-45B4-A65D-D605DAC89150}.Debug|Any CPU.Build.0 = Debug|Any CPU
		{A3724004-B1D2-45B4-A65D-D605DAC89150}.Release|Any CPU.ActiveCfg = Release|Any CPU
		{A3724004-B1D2-45B4-A65D-D605DAC89150}.Release|Any CPU.Build.0 = Release|Any CPU
	EndGlobalSection
	GlobalSection(SolutionProperties) = preSolution
		HideSolutionNode = FALSE
	EndGlobalSection
	GlobalSection(NestedProjects) = preSolution
		{7CCE5E3D-CD2C-4D07-B334-F9ED722A090E} = {0EEA2DAD-F3DA-4603-9CF5-048080B933EF}
		{94BE1E34-058A-4E27-85AB-E1961DBAA567} = {E8368D9B-4D9D-40F2-B2A3-7755FB6B0520}
		{0663A7E7-84BA-48D3-85DD-753498B02FBF} = {E8368D9B-4D9D-40F2-B2A3-7755FB6B0520}
		{FDC2BC4B-AB7C-4843-9F3B-1C12C5D9EEB2} = {94BE1E34-058A-4E27-85AB-E1961DBAA567}
		{C71B064B-F8AB-4719-BD74-35032DB20358} = {1FE705F8-F5B2-41A8-BA65-B13B8C9E79CC}
		{73890685-DB7B-4A3F-AB07-23277738FDB8} = {D5B36F9D-8110-42DE-8ABA-D8D360B0C0B3}
		{A3724004-B1D2-45B4-A65D-D605DAC89150} = {0663A7E7-84BA-48D3-85DD-753498B02FBF}
	EndGlobalSection
	GlobalSection(ExtensibilityGlobals) = postSolution
		SolutionGuid = {BBF75B6B-D9F0-4152-83F3-35051011D58E}
	EndGlobalSection
EndGlobal
